// !$*UTF8*$!
{
	archiveVersion = 1;
	classes = {
	};
	objectVersion = 46;
	objects = {

/* Begin PBXBuildFile section */
		E91CB4A61CAB7640004AC11B /* AppDelegate.swift in Sources */ = {isa = PBXBuildFile; fileRef = E91CB4A51CAB7640004AC11B /* AppDelegate.swift */; };
		E91CB4A81CAB7640004AC11B /* ViewController.swift in Sources */ = {isa = PBXBuildFile; fileRef = E91CB4A71CAB7640004AC11B /* ViewController.swift */; };
		E91CB4AB1CAB7640004AC11B /* Main.storyboard in Resources */ = {isa = PBXBuildFile; fileRef = E91CB4A91CAB7640004AC11B /* Main.storyboard */; };
		E91CB4AD1CAB7640004AC11B /* Assets.xcassets in Resources */ = {isa = PBXBuildFile; fileRef = E91CB4AC1CAB7640004AC11B /* Assets.xcassets */; };
		E91CB4B01CAB7640004AC11B /* LaunchScreen.storyboard in Resources */ = {isa = PBXBuildFile; fileRef = E91CB4AE1CAB7640004AC11B /* LaunchScreen.storyboard */; };
		E91CB4BB1CAB7640004AC11B /* Transform_AnimationTests.swift in Sources */ = {isa = PBXBuildFile; fileRef = E91CB4BA1CAB7640004AC11B /* Transform_AnimationTests.swift */; };
		E91CB4C61CAB7640004AC11B /* Transform_AnimationUITests.swift in Sources */ = {isa = PBXBuildFile; fileRef = E91CB4C51CAB7640004AC11B /* Transform_AnimationUITests.swift */; };
		E91CB4D41CAB7930004AC11B /* TransformUltility.swift in Sources */ = {isa = PBXBuildFile; fileRef = E91CB4D31CAB7930004AC11B /* TransformUltility.swift */; };
/* End PBXBuildFile section */

/* Begin PBXContainerItemProxy section */
		E91CB4B71CAB7640004AC11B /* PBXContainerItemProxy */ = {
			isa = PBXContainerItemProxy;
			containerPortal = E91CB49A1CAB7640004AC11B /* Project object */;
			proxyType = 1;
			remoteGlobalIDString = E91CB4A11CAB7640004AC11B;
			remoteInfo = "Transform-Animation";
		};
		E91CB4C21CAB7640004AC11B /* PBXContainerItemProxy */ = {
			isa = PBXContainerItemProxy;
			containerPortal = E91CB49A1CAB7640004AC11B /* Project object */;
			proxyType = 1;
			remoteGlobalIDString = E91CB4A11CAB7640004AC11B;
			remoteInfo = "Transform-Animation";
		};
/* End PBXContainerItemProxy section */

/* Begin PBXFileReference section */
		E91CB4A21CAB7640004AC11B /* Transform-Animation.app */ = {isa = PBXFileReference; explicitFileType = wrapper.application; includeInIndex = 0; path = "Transform-Animation.app"; sourceTree = BUILT_PRODUCTS_DIR; };
		E91CB4A51CAB7640004AC11B /* AppDelegate.swift */ = {isa = PBXFileReference; lastKnownFileType = sourcecode.swift; path = AppDelegate.swift; sourceTree = "<group>"; };
		E91CB4A71CAB7640004AC11B /* ViewController.swift */ = {isa = PBXFileReference; lastKnownFileType = sourcecode.swift; path = ViewController.swift; sourceTree = "<group>"; };
		E91CB4AA1CAB7640004AC11B /* Base */ = {isa = PBXFileReference; lastKnownFileType = file.storyboard; name = Base; path = Base.lproj/Main.storyboard; sourceTree = "<group>"; };
		E91CB4AC1CAB7640004AC11B /* Assets.xcassets */ = {isa = PBXFileReference; lastKnownFileType = folder.assetcatalog; path = Assets.xcassets; sourceTree = "<group>"; };
		E91CB4AF1CAB7640004AC11B /* Base */ = {isa = PBXFileReference; lastKnownFileType = file.storyboard; name = Base; path = Base.lproj/LaunchScreen.storyboard; sourceTree = "<group>"; };
		E91CB4B11CAB7640004AC11B /* Info.plist */ = {isa = PBXFileReference; lastKnownFileType = text.plist.xml; path = Info.plist; sourceTree = "<group>"; };
		E91CB4B61CAB7640004AC11B /* Transform-AnimationTests.xctest */ = {isa = PBXFileReference; explicitFileType = wrapper.cfbundle; includeInIndex = 0; path = "Transform-AnimationTests.xctest"; sourceTree = BUILT_PRODUCTS_DIR; };
		E91CB4BA1CAB7640004AC11B /* Transform_AnimationTests.swift */ = {isa = PBXFileReference; lastKnownFileType = sourcecode.swift; path = Transform_AnimationTests.swift; sourceTree = "<group>"; };
		E91CB4BC1CAB7640004AC11B /* Info.plist */ = {isa = PBXFileReference; lastKnownFileType = text.plist.xml; path = Info.plist; sourceTree = "<group>"; };
		E91CB4C11CAB7640004AC11B /* Transform-AnimationUITests.xctest */ = {isa = PBXFileReference; explicitFileType = wrapper.cfbundle; includeInIndex = 0; path = "Transform-AnimationUITests.xctest"; sourceTree = BUILT_PRODUCTS_DIR; };
		E91CB4C51CAB7640004AC11B /* Transform_AnimationUITests.swift */ = {isa = PBXFileReference; lastKnownFileType = sourcecode.swift; path = Transform_AnimationUITests.swift; sourceTree = "<group>"; };
		E91CB4C71CAB7640004AC11B /* Info.plist */ = {isa = PBXFileReference; lastKnownFileType = text.plist.xml; path = Info.plist; sourceTree = "<group>"; };
		E91CB4D31CAB7930004AC11B /* TransformUltility.swift */ = {isa = PBXFileReference; fileEncoding = 4; lastKnownFileType = sourcecode.swift; path = TransformUltility.swift; sourceTree = "<group>"; };
/* End PBXFileReference section */

/* Begin PBXFrameworksBuildPhase section */
		E91CB49F1CAB7640004AC11B /* Frameworks */ = {
			isa = PBXFrameworksBuildPhase;
			buildActionMask = 2147483647;
			files = (
			);
			runOnlyForDeploymentPostprocessing = 0;
		};
		E91CB4B31CAB7640004AC11B /* Frameworks */ = {
			isa = PBXFrameworksBuildPhase;
			buildActionMask = 2147483647;
			files = (
			);
			runOnlyForDeploymentPostprocessing = 0;
		};
		E91CB4BE1CAB7640004AC11B /* Frameworks */ = {
			isa = PBXFrameworksBuildPhase;
			buildActionMask = 2147483647;
			files = (
			);
			runOnlyForDeploymentPostprocessing = 0;
		};
/* End PBXFrameworksBuildPhase section */

/* Begin PBXGroup section */
		E91CB4991CAB763F004AC11B = {
			isa = PBXGroup;
			children = (
				E91CB4A41CAB7640004AC11B /* Transform-Animation */,
				E91CB4B91CAB7640004AC11B /* Transform-AnimationTests */,
				E91CB4C41CAB7640004AC11B /* Transform-AnimationUITests */,
				E91CB4A31CAB7640004AC11B /* Products */,
			);
			sourceTree = "<group>";
		};
		E91CB4A31CAB7640004AC11B /* Products */ = {
			isa = PBXGroup;
			children = (
				E91CB4A21CAB7640004AC11B /* Transform-Animation.app */,
				E91CB4B61CAB7640004AC11B /* Transform-AnimationTests.xctest */,
				E91CB4C11CAB7640004AC11B /* Transform-AnimationUITests.xctest */,
			);
			name = Products;
			sourceTree = "<group>";
		};
		E91CB4A41CAB7640004AC11B /* Transform-Animation */ = {
			isa = PBXGroup;
			children = (
				E91CB4A51CAB7640004AC11B /* AppDelegate.swift */,
				E91CB4A71CAB7640004AC11B /* ViewController.swift */,
				E91CB4A91CAB7640004AC11B /* Main.storyboard */,
				E91CB4AC1CAB7640004AC11B /* Assets.xcassets */,
				E91CB4AE1CAB7640004AC11B /* LaunchScreen.storyboard */,
				E91CB4B11CAB7640004AC11B /* Info.plist */,
				E91CB4D31CAB7930004AC11B /* TransformUltility.swift */,
			);
			path = "Transform-Animation";
			sourceTree = "<group>";
		};
		E91CB4B91CAB7640004AC11B /* Transform-AnimationTests */ = {
			isa = PBXGroup;
			children = (
				E91CB4BA1CAB7640004AC11B /* Transform_AnimationTests.swift */,
				E91CB4BC1CAB7640004AC11B /* Info.plist */,
			);
			path = "Transform-AnimationTests";
			sourceTree = "<group>";
		};
		E91CB4C41CAB7640004AC11B /* Transform-AnimationUITests */ = {
			isa = PBXGroup;
			children = (
				E91CB4C51CAB7640004AC11B /* Transform_AnimationUITests.swift */,
				E91CB4C71CAB7640004AC11B /* Info.plist */,
			);
			path = "Transform-AnimationUITests";
			sourceTree = "<group>";
		};
/* End PBXGroup section */

/* Begin PBXNativeTarget section */
		E91CB4A11CAB7640004AC11B /* Transform-Animation */ = {
			isa = PBXNativeTarget;
			buildConfigurationList = E91CB4CA1CAB7640004AC11B /* Build configuration list for PBXNativeTarget "Transform-Animation" */;
			buildPhases = (
				E91CB49E1CAB7640004AC11B /* Sources */,
				E91CB49F1CAB7640004AC11B /* Frameworks */,
				E91CB4A01CAB7640004AC11B /* Resources */,
			);
			buildRules = (
			);
			dependencies = (
			);
			name = "Transform-Animation";
			productName = "Transform-Animation";
			productReference = E91CB4A21CAB7640004AC11B /* Transform-Animation.app */;
			productType = "com.apple.product-type.application";
		};
		E91CB4B51CAB7640004AC11B /* Transform-AnimationTests */ = {
			isa = PBXNativeTarget;
			buildConfigurationList = E91CB4CD1CAB7640004AC11B /* Build configuration list for PBXNativeTarget "Transform-AnimationTests" */;
			buildPhases = (
				E91CB4B21CAB7640004AC11B /* Sources */,
				E91CB4B31CAB7640004AC11B /* Frameworks */,
				E91CB4B41CAB7640004AC11B /* Resources */,
			);
			buildRules = (
			);
			dependencies = (
				E91CB4B81CAB7640004AC11B /* PBXTargetDependency */,
			);
			name = "Transform-AnimationTests";
			productName = "Transform-AnimationTests";
			productReference = E91CB4B61CAB7640004AC11B /* Transform-AnimationTests.xctest */;
			productType = "com.apple.product-type.bundle.unit-test";
		};
		E91CB4C01CAB7640004AC11B /* Transform-AnimationUITests */ = {
			isa = PBXNativeTarget;
			buildConfigurationList = E91CB4D01CAB7640004AC11B /* Build configuration list for PBXNativeTarget "Transform-AnimationUITests" */;
			buildPhases = (
				E91CB4BD1CAB7640004AC11B /* Sources */,
				E91CB4BE1CAB7640004AC11B /* Frameworks */,
				E91CB4BF1CAB7640004AC11B /* Resources */,
			);
			buildRules = (
			);
			dependencies = (
				E91CB4C31CAB7640004AC11B /* PBXTargetDependency */,
			);
			name = "Transform-AnimationUITests";
			productName = "Transform-AnimationUITests";
			productReference = E91CB4C11CAB7640004AC11B /* Transform-AnimationUITests.xctest */;
			productType = "com.apple.product-type.bundle.ui-testing";
		};
/* End PBXNativeTarget section */

/* Begin PBXProject section */
		E91CB49A1CAB7640004AC11B /* Project object */ = {
			isa = PBXProject;
			attributes = {
				LastSwiftUpdateCheck = 0730;
				LastUpgradeCheck = 0730;
				ORGANIZATIONNAME = dungvh;
				TargetAttributes = {
					E91CB4A11CAB7640004AC11B = {
						CreatedOnToolsVersion = 7.3;
					};
					E91CB4B51CAB7640004AC11B = {
						CreatedOnToolsVersion = 7.3;
						TestTargetID = E91CB4A11CAB7640004AC11B;
					};
					E91CB4C01CAB7640004AC11B = {
						CreatedOnToolsVersion = 7.3;
						TestTargetID = E91CB4A11CAB7640004AC11B;
					};
				};
			};
			buildConfigurationList = E91CB49D1CAB7640004AC11B /* Build configuration list for PBXProject "Transform-Animation" */;
			compatibilityVersion = "Xcode 3.2";
			developmentRegion = English;
			hasScannedForEncodings = 0;
			knownRegions = (
				en,
				Base,
			);
			mainGroup = E91CB4991CAB763F004AC11B;
			productRefGroup = E91CB4A31CAB7640004AC11B /* Products */;
			projectDirPath = "";
			projectRoot = "";
			targets = (
				E91CB4A11CAB7640004AC11B /* Transform-Animation */,
				E91CB4B51CAB7640004AC11B /* Transform-AnimationTests */,
				E91CB4C01CAB7640004AC11B /* Transform-AnimationUITests */,
			);
		};
/* End PBXProject section */

/* Begin PBXResourcesBuildPhase section */
		E91CB4A01CAB7640004AC11B /* Resources */ = {
			isa = PBXResourcesBuildPhase;
			buildActionMask = 2147483647;
			files = (
				E91CB4B01CAB7640004AC11B /* LaunchScreen.storyboard in Resources */,
				E91CB4AD1CAB7640004AC11B /* Assets.xcassets in Resources */,
				E91CB4AB1CAB7640004AC11B /* Main.storyboard in Resources */,
			);
			runOnlyForDeploymentPostprocessing = 0;
		};
		E91CB4B41CAB7640004AC11B /* Resources */ = {
			isa = PBXResourcesBuildPhase;
			buildActionMask = 2147483647;
			files = (
			);
			runOnlyForDeploymentPostprocessing = 0;
		};
		E91CB4BF1CAB7640004AC11B /* Resources */ = {
			isa = PBXResourcesBuildPhase;
			buildActionMask = 2147483647;
			files = (
			);
			runOnlyForDeploymentPostprocessing = 0;
		};
/* End PBXResourcesBuildPhase section */

/* Begin PBXSourcesBuildPhase section */
		E91CB49E1CAB7640004AC11B /* Sources */ = {
			isa = PBXSourcesBuildPhase;
			buildActionMask = 2147483647;
			files = (
				E91CB4A81CAB7640004AC11B /* ViewController.swift in Sources */,
				E91CB4A61CAB7640004AC11B /* AppDelegate.swift in Sources */,
				E91CB4D41CAB7930004AC11B /* TransformUltility.swift in Sources */,
			);
			runOnlyForDeploymentPostprocessing = 0;
		};
		E91CB4B21CAB7640004AC11B /* Sources */ = {
			isa = PBXSourcesBuildPhase;
			buildActionMask = 2147483647;
			files = (
				E91CB4BB1CAB7640004AC11B /* Transform_AnimationTests.swift in Sources */,
			);
			runOnlyForDeploymentPostprocessing = 0;
		};
		E91CB4BD1CAB7640004AC11B /* Sources */ = {
			isa = PBXSourcesBuildPhase;
			buildActionMask = 2147483647;
			files = (
				E91CB4C61CAB7640004AC11B /* Transform_AnimationUITests.swift in Sources */,
			);
			runOnlyForDeploymentPostprocessing = 0;
		};
/* End PBXSourcesBuildPhase section */

/* Begin PBXTargetDependency section */
		E91CB4B81CAB7640004AC11B /* PBXTargetDependency */ = {
			isa = PBXTargetDependency;
			target = E91CB4A11CAB7640004AC11B /* Transform-Animation */;
			targetProxy = E91CB4B71CAB7640004AC11B /* PBXContainerItemProxy */;
		};
		E91CB4C31CAB7640004AC11B /* PBXTargetDependency */ = {
			isa = PBXTargetDependency;
			target = E91CB4A11CAB7640004AC11B /* Transform-Animation */;
			targetProxy = E91CB4C21CAB7640004AC11B /* PBXContainerItemProxy */;
		};
/* End PBXTargetDependency section */

/* Begin PBXVariantGroup section */
		E91CB4A91CAB7640004AC11B /* Main.storyboard */ = {
			isa = PBXVariantGroup;
			children = (
				E91CB4AA1CAB7640004AC11B /* Base */,
			);
			name = Main.storyboard;
			sourceTree = "<group>";
		};
		E91CB4AE1CAB7640004AC11B /* LaunchScreen.storyboard */ = {
			isa = PBXVariantGroup;
			children = (
				E91CB4AF1CAB7640004AC11B /* Base */,
			);
			name = LaunchScreen.storyboard;
			sourceTree = "<group>";
		};
/* End PBXVariantGroup section */

/* Begin XCBuildConfiguration section */
		E91CB4C81CAB7640004AC11B /* Debug */ = {
			isa = XCBuildConfiguration;
			buildSettings = {
				ALWAYS_SEARCH_USER_PATHS = NO;
				CLANG_ANALYZER_NONNULL = YES;
				CLANG_CXX_LANGUAGE_STANDARD = "gnu++0x";
				CLANG_CXX_LIBRARY = "libc++";
				CLANG_ENABLE_MODULES = YES;
				CLANG_ENABLE_OBJC_ARC = YES;
				CLANG_WARN_BOOL_CONVERSION = YES;
				CLANG_WARN_CONSTANT_CONVERSION = YES;
				CLANG_WARN_DIRECT_OBJC_ISA_USAGE = YES_ERROR;
				CLANG_WARN_EMPTY_BODY = YES;
				CLANG_WARN_ENUM_CONVERSION = YES;
				CLANG_WARN_INT_CONVERSION = YES;
				CLANG_WARN_OBJC_ROOT_CLASS = YES_ERROR;
				CLANG_WARN_UNREACHABLE_CODE = YES;
				CLANG_WARN__DUPLICATE_METHOD_MATCH = YES;
				"CODE_SIGN_IDENTITY[sdk=iphoneos*]" = "iPhone Developer";
				COPY_PHASE_STRIP = NO;
				DEBUG_INFORMATION_FORMAT = dwarf;
				ENABLE_STRICT_OBJC_MSGSEND = YES;
				ENABLE_TESTABILITY = YES;
				GCC_C_LANGUAGE_STANDARD = gnu99;
				GCC_DYNAMIC_NO_PIC = NO;
				GCC_NO_COMMON_BLOCKS = YES;
				GCC_OPTIMIZATION_LEVEL = 0;
				GCC_PREPROCESSOR_DEFINITIONS = (
					"DEBUG=1",
					"$(inherited)",
				);
				GCC_WARN_64_TO_32_BIT_CONVERSION = YES;
				GCC_WARN_ABOUT_RETURN_TYPE = YES_ERROR;
				GCC_WARN_UNDECLARED_SELECTOR = YES;
				GCC_WARN_UNINITIALIZED_AUTOS = YES_AGGRESSIVE;
				GCC_WARN_UNUSED_FUNCTION = YES;
				GCC_WARN_UNUSED_VARIABLE = YES;
				IPHONEOS_DEPLOYMENT_TARGET = 9.3;
				MTL_ENABLE_DEBUG_INFO = YES;
				ONLY_ACTIVE_ARCH = YES;
				SDKROOT = iphoneos;
				SWIFT_OPTIMIZATION_LEVEL = "-Onone";
			};
			name = Debug;
		};
		E91CB4C91CAB7640004AC11B /* Release */ = {
			isa = XCBuildConfiguration;
			buildSettings = {
				ALWAYS_SEARCH_USER_PATHS = NO;
				CLANG_ANALYZER_NONNULL = YES;
				CLANG_CXX_LANGUAGE_STANDARD = "gnu++0x";
				CLANG_CXX_LIBRARY = "libc++";
				CLANG_ENABLE_MODULES = YES;
				CLANG_ENABLE_OBJC_ARC = YES;
				CLANG_WARN_BOOL_CONVERSION = YES;
				CLANG_WARN_CONSTANT_CONVERSION = YES;
				CLANG_WARN_DIRECT_OBJC_ISA_USAGE = YES_ERROR;
				CLANG_WARN_EMPTY_BODY = YES;
				CLANG_WARN_ENUM_CONVERSION = YES;
				CLANG_WARN_INT_CONVERSION = YES;
				CLANG_WARN_OBJC_ROOT_CLASS = YES_ERROR;
				CLANG_WARN_UNREACHABLE_CODE = YES;
				CLANG_WARN__DUPLICATE_METHOD_MATCH = YES;
				"CODE_SIGN_IDENTITY[sdk=iphoneos*]" = "iPhone Developer";
				COPY_PHASE_STRIP = NO;
				DEBUG_INFORMATION_FORMAT = "dwarf-with-dsym";
				ENABLE_NS_ASSERTIONS = NO;
				ENABLE_STRICT_OBJC_MSGSEND = YES;
				GCC_C_LANGUAGE_STANDARD = gnu99;
				GCC_NO_COMMON_BLOCKS = YES;
				GCC_WARN_64_TO_32_BIT_CONVERSION = YES;
				GCC_WARN_ABOUT_RETURN_TYPE = YES_ERROR;
				GCC_WARN_UNDECLARED_SELECTOR = YES;
				GCC_WARN_UNINITIALIZED_AUTOS = YES_AGGRESSIVE;
				GCC_WARN_UNUSED_FUNCTION = YES;
				GCC_WARN_UNUSED_VARIABLE = YES;
				IPHONEOS_DEPLOYMENT_TARGET = 9.3;
				MTL_ENABLE_DEBUG_INFO = NO;
				SDKROOT = iphoneos;
				VALIDATE_PRODUCT = YES;
			};
			name = Release;
		};
		E91CB4CB1CAB7640004AC11B /* Debug */ = {
			isa = XCBuildConfiguration;
			buildSettings = {
				ASSETCATALOG_COMPILER_APPICON_NAME = AppIcon;
				INFOPLIST_FILE = "Transform-Animation/Info.plist";
				LD_RUNPATH_SEARCH_PATHS = "$(inherited) @executable_path/Frameworks";
				PRODUCT_BUNDLE_IDENTIFIER = "com.dungvh.Transform-Animation";
				PRODUCT_NAME = "$(TARGET_NAME)";
			};
			name = Debug;
		};
		E91CB4CC1CAB7640004AC11B /* Release */ = {
			isa = XCBuildConfiguration;
			buildSettings = {
				ASSETCATALOG_COMPILER_APPICON_NAME = AppIcon;
				INFOPLIST_FILE = "Transform-Animation/Info.plist";
				LD_RUNPATH_SEARCH_PATHS = "$(inherited) @executable_path/Frameworks";
				PRODUCT_BUNDLE_IDENTIFIER = "com.dungvh.Transform-Animation";
				PRODUCT_NAME = "$(TARGET_NAME)";
			};
			name = Release;
		};
		E91CB4CE1CAB7640004AC11B /* Debug */ = {
			isa = XCBuildConfiguration;
			buildSettings = {
				BUNDLE_LOADER = "$(TEST_HOST)";
				INFOPLIST_FILE = "Transform-AnimationTests/Info.plist";
				LD_RUNPATH_SEARCH_PATHS = "$(inherited) @executable_path/Frameworks @loader_path/Frameworks";
				PRODUCT_BUNDLE_IDENTIFIER = "com.dungvh.Transform-AnimationTests";
				PRODUCT_NAME = "$(TARGET_NAME)";
				TEST_HOST = "$(BUILT_PRODUCTS_DIR)/Transform-Animation.app/Transform-Animation";
			};
			name = Debug;
		};
		E91CB4CF1CAB7640004AC11B /* Release */ = {
			isa = XCBuildConfiguration;
			buildSettings = {
				BUNDLE_LOADER = "$(TEST_HOST)";
				INFOPLIST_FILE = "Transform-AnimationTests/Info.plist";
				LD_RUNPATH_SEARCH_PATHS = "$(inherited) @executable_path/Frameworks @loader_path/Frameworks";
				PRODUCT_BUNDLE_IDENTIFIER = "com.dungvh.Transform-AnimationTests";
				PRODUCT_NAME = "$(TARGET_NAME)";
				TEST_HOST = "$(BUILT_PRODUCTS_DIR)/Transform-Animation.app/Transform-Animation";
			};
			name = Release;
		};
		E91CB4D11CAB7640004AC11B /* Debug */ = {
			isa = XCBuildConfiguration;
			buildSettings = {
				INFOPLIST_FILE = "Transform-AnimationUITests/Info.plist";
				LD_RUNPATH_SEARCH_PATHS = "$(inherited) @executable_path/Frameworks @loader_path/Frameworks";
				PRODUCT_BUNDLE_IDENTIFIER = "com.dungvh.Transform-AnimationUITests";
				PRODUCT_NAME = "$(TARGET_NAME)";
				TEST_TARGET_NAME = "Transform-Animation";
			};
			name = Debug;
		};
		E91CB4D21CAB7640004AC11B /* Release */ = {
			isa = XCBuildConfiguration;
			buildSettings = {
				INFOPLIST_FILE = "Transform-AnimationUITests/Info.plist";
				LD_RUNPATH_SEARCH_PATHS = "$(inherited) @executable_path/Frameworks @loader_path/Frameworks";
				PRODUCT_BUNDLE_IDENTIFIER = "com.dungvh.Transform-AnimationUITests";
				PRODUCT_NAME = "$(TARGET_NAME)";
				TEST_TARGET_NAME = "Transform-Animation";
			};
			name = Release;
		};
/* End XCBuildConfiguration section */

/* Begin XCConfigurationList section */
		E91CB49D1CAB7640004AC11B /* Build configuration list for PBXProject "Transform-Animation" */ = {
			isa = XCConfigurationList;
			buildConfigurations = (
				E91CB4C81CAB7640004AC11B /* Debug */,
				E91CB4C91CAB7640004AC11B /* Release */,
			);
			defaultConfigurationIsVisible = 0;
			defaultConfigurationName = Release;
		};
		E91CB4CA1CAB7640004AC11B /* Build configuration list for PBXNativeTarget "Transform-Animation" */ = {
			isa = XCConfigurationList;
			buildConfigurations = (
				E91CB4CB1CAB7640004AC11B /* Debug */,
				E91CB4CC1CAB7640004AC11B /* Release */,
			);
			defaultConfigurationIsVisible = 0;
		};
		E91CB4CD1CAB7640004AC11B /* Build configuration list for PBXNativeTarget "Transform-AnimationTests" */ = {
			isa = XCConfigurationList;
			buildConfigurations = (
				E91CB4CE1CAB7640004AC11B /* Debug */,
				E91CB4CF1CAB7640004AC11B /* Release */,
			);
			defaultConfigurationIsVisible = 0;
		};
		E91CB4D01CAB7640004AC11B /* Build configuration list for PBXNativeTarget "Transform-AnimationUITests" */ = {
			isa = XCConfigurationList;
			buildConfigurations = (
				E91CB4D11CAB7640004AC11B /* Debug */,
				E91CB4D21CAB7640004AC11B /* Release */,
			);
			defaultConfigurationIsVisible = 0;
		};
/* End XCConfigurationList section */
	};
	rootObject = E91CB49A1CAB7640004AC11B /* Project object */;
}
